
Microsoft Visual Studio Solution File, Format Version 12.00
# Visual Studio Version 17
VisualStudioVersion = 17.11.35208.52
MinimumVisualStudioVersion = 10.0.40219.1
Project("{FAE04EC0-301F-11D3-BF4B-00C04F79EFBC}") = "WinFormsApp1", "WinFormsApp1.csproj", "{5AF1BFF9-7E30-454B-A3B0-A337C06BADE5}"
EndProject
Global
	GlobalSection(SolutionConfigurationPlatforms) = preSolution
		Debug|Any CPU = Debug|Any CPU
		Release|Any CPU = Release|Any CPU
	EndGlobalSection
	GlobalSection(ProjectConfigurationPlatforms) = postSolution
		{5AF1BFF9-7E30-454B-A3B0-A337C06BADE5}.Debug|Any CPU.ActiveCfg = Debug|Any CPU
		{5AF1BFF9-7E30-454B-A3B0-A337C06BADE5}.Debug|Any CPU.Build.0 = Debug|Any CPU
		{5AF1BFF9-7E30-454B-A3B0-A337C06BADE5}.Release|Any CPU.ActiveCfg = Release|Any CPU
		{5AF1BFF9-7E30-454B-A3B0-A337C06BADE5}.Release|Any CPU.Build.0 = Release|Any CPU
	EndGlobalSection
	GlobalSection(SolutionProperties) = preSolution
		HideSolutionNode = FALSE
	EndGlobalSection
	GlobalSection(ExtensibilityGlobals) = postSolution
		SolutionGuid = {E4C9B1B7-CBDE-4D35-AA7E-2ED11773CA08}
	EndGlobalSection
EndGlobal
